
Microsoft Visual Studio Solution File, Format Version 12.00
# Visual Studio Version 16
VisualStudioVersion = 16.0.31005.135
MinimumVisualStudioVersion = 10.0.40219.1
Project("{FAE04EC0-301F-11D3-BF4B-00C04F79EFBC}") = "BLL", "BLL\BLL.csproj", "{2C72521B-41BE-439D-94EE-B255BDA5F1C0}"
EndProject
Project("{FAE04EC0-301F-11D3-BF4B-00C04F79EFBC}") = "DAL", "DAL\DAL.csproj", "{4550AE00-8A4C-46AB-9F67-68F2CC5ADD6C}"
EndProject
Project("{FAE04EC0-301F-11D3-BF4B-00C04F79EFBC}") = "Entity", "Entity\Entity.csproj", "{48FD6133-71CA-4161-B66C-E20CE6F8A803}"
EndProject
Project("{FAE04EC0-301F-11D3-BF4B-00C04F79EFBC}") = "Presentacion", "Presentacion\Presentacion.csproj", "{B2FCC9C6-E72F-4F58-87BE-474129548A90}"
EndProject
Project("{FAE04EC0-301F-11D3-BF4B-00C04F79EFBC}") = "PresentacionGUI", "PresentacionGUI\PresentacionGUI.csproj", "{9CDCBBE7-6D5D-48DA-A2B4-68DAA10FC908}"
EndProject
Global
	GlobalSection(SolutionConfigurationPlatforms) = preSolution
		Debug|Any CPU = Debug|Any CPU
		Release|Any CPU = Release|Any CPU
	EndGlobalSection
	GlobalSection(ProjectConfigurationPlatforms) = postSolution
		{2C72521B-41BE-439D-94EE-B255BDA5F1C0}.Debug|Any CPU.ActiveCfg = Debug|Any CPU
		{2C72521B-41BE-439D-94EE-B255BDA5F1C0}.Debug|Any CPU.Build.0 = Debug|Any CPU
		{2C72521B-41BE-439D-94EE-B255BDA5F1C0}.Release|Any CPU.ActiveCfg = Release|Any CPU
		{2C72521B-41BE-439D-94EE-B255BDA5F1C0}.Release|Any CPU.Build.0 = Release|Any CPU
		{4550AE00-8A4C-46AB-9F67-68F2CC5ADD6C}.Debug|Any CPU.ActiveCfg = Debug|Any CPU
		{4550AE00-8A4C-46AB-9F67-68F2CC5ADD6C}.Debug|Any CPU.Build.0 = Debug|Any CPU
		{4550AE00-8A4C-46AB-9F67-68F2CC5ADD6C}.Release|Any CPU.ActiveCfg = Release|Any CPU
		{4550AE00-8A4C-46AB-9F67-68F2CC5ADD6C}.Release|Any CPU.Build.0 = Release|Any CPU
		{48FD6133-71CA-4161-B66C-E20CE6F8A803}.Debug|Any CPU.ActiveCfg = Debug|Any CPU
		{48FD6133-71CA-4161-B66C-E20CE6F8A803}.Debug|Any CPU.Build.0 = Debug|Any CPU
		{48FD6133-71CA-4161-B66C-E20CE6F8A803}.Release|Any CPU.ActiveCfg = Release|Any CPU
		{48FD6133-71CA-4161-B66C-E20CE6F8A803}.Release|Any CPU.Build.0 = Release|Any CPU
		{B2FCC9C6-E72F-4F58-87BE-474129548A90}.Debug|Any CPU.ActiveCfg = Debug|Any CPU
		{B2FCC9C6-E72F-4F58-87BE-474129548A90}.Debug|Any CPU.Build.0 = Debug|Any CPU
		{B2FCC9C6-E72F-4F58-87BE-474129548A90}.Release|Any CPU.ActiveCfg = Release|Any CPU
		{B2FCC9C6-E72F-4F58-87BE-474129548A90}.Release|Any CPU.Build.0 = Release|Any CPU
		{9CDCBBE7-6D5D-48DA-A2B4-68DAA10FC908}.Debug|Any CPU.ActiveCfg = Debug|Any CPU
		{9CDCBBE7-6D5D-48DA-A2B4-68DAA10FC908}.Debug|Any CPU.Build.0 = Debug|Any CPU
		{9CDCBBE7-6D5D-48DA-A2B4-68DAA10FC908}.Release|Any CPU.ActiveCfg = Release|Any CPU
		{9CDCBBE7-6D5D-48DA-A2B4-68DAA10FC908}.Release|Any CPU.Build.0 = Release|Any CPU
	EndGlobalSection
	GlobalSection(SolutionProperties) = preSolution
		HideSolutionNode = FALSE
	EndGlobalSection
	GlobalSection(ExtensibilityGlobals) = postSolution
		SolutionGuid = {1B5E6E03-C070-41E9-8146-D870CE9609BE}
	EndGlobalSection
EndGlobal
