
Microsoft Visual Studio Solution File, Format Version 12.00
# Visual Studio Version 16
VisualStudioVersion = 16.0.31005.135
MinimumVisualStudioVersion = 10.0.40219.1
Project("{9A19103F-16F7-4668-BE54-9A1E7A4F7556}") = "BLL", "BLL\BLL.csproj", "{0D441392-72E1-4DCF-BC86-EB2041E50312}"
EndProject
Project("{9A19103F-16F7-4668-BE54-9A1E7A4F7556}") = "DAL", "DAL\DAL.csproj", "{7C76C033-5238-422D-AFD3-4E9B1EA71C55}"
EndProject
Project("{9A19103F-16F7-4668-BE54-9A1E7A4F7556}") = "Entity", "Entity\Entity.csproj", "{0FFB6B28-E57D-4AB3-A8D9-708BFAF9F75F}"
EndProject
Project("{9A19103F-16F7-4668-BE54-9A1E7A4F7556}") = "Presentacion", "Presentacion\Presentacion.csproj", "{982D0E24-C1A8-4FBD-BC64-8095E1EF44B9}"
EndProject
Project("{FAE04EC0-301F-11D3-BF4B-00C04F79EFBC}") = "PresentacionGUI", "PresentacionGUI\PresentacionGUI.csproj", "{1B144163-4CD5-442C-8D7A-888563619144}"
EndProject
Global
	GlobalSection(SolutionConfigurationPlatforms) = preSolution
		Debug|Any CPU = Debug|Any CPU
		Release|Any CPU = Release|Any CPU
	EndGlobalSection
	GlobalSection(ProjectConfigurationPlatforms) = postSolution
		{0D441392-72E1-4DCF-BC86-EB2041E50312}.Debug|Any CPU.ActiveCfg = Debug|Any CPU
		{0D441392-72E1-4DCF-BC86-EB2041E50312}.Debug|Any CPU.Build.0 = Debug|Any CPU
		{0D441392-72E1-4DCF-BC86-EB2041E50312}.Release|Any CPU.ActiveCfg = Release|Any CPU
		{0D441392-72E1-4DCF-BC86-EB2041E50312}.Release|Any CPU.Build.0 = Release|Any CPU
		{7C76C033-5238-422D-AFD3-4E9B1EA71C55}.Debug|Any CPU.ActiveCfg = Debug|Any CPU
		{7C76C033-5238-422D-AFD3-4E9B1EA71C55}.Debug|Any CPU.Build.0 = Debug|Any CPU
		{7C76C033-5238-422D-AFD3-4E9B1EA71C55}.Release|Any CPU.ActiveCfg = Release|Any CPU
		{7C76C033-5238-422D-AFD3-4E9B1EA71C55}.Release|Any CPU.Build.0 = Release|Any CPU
		{0FFB6B28-E57D-4AB3-A8D9-708BFAF9F75F}.Debug|Any CPU.ActiveCfg = Debug|Any CPU
		{0FFB6B28-E57D-4AB3-A8D9-708BFAF9F75F}.Debug|Any CPU.Build.0 = Debug|Any CPU
		{0FFB6B28-E57D-4AB3-A8D9-708BFAF9F75F}.Release|Any CPU.ActiveCfg = Release|Any CPU
		{0FFB6B28-E57D-4AB3-A8D9-708BFAF9F75F}.Release|Any CPU.Build.0 = Release|Any CPU
		{982D0E24-C1A8-4FBD-BC64-8095E1EF44B9}.Debug|Any CPU.ActiveCfg = Debug|Any CPU
		{982D0E24-C1A8-4FBD-BC64-8095E1EF44B9}.Debug|Any CPU.Build.0 = Debug|Any CPU
		{982D0E24-C1A8-4FBD-BC64-8095E1EF44B9}.Release|Any CPU.ActiveCfg = Release|Any CPU
		{982D0E24-C1A8-4FBD-BC64-8095E1EF44B9}.Release|Any CPU.Build.0 = Release|Any CPU
		{1B144163-4CD5-442C-8D7A-888563619144}.Debug|Any CPU.ActiveCfg = Debug|Any CPU
		{1B144163-4CD5-442C-8D7A-888563619144}.Debug|Any CPU.Build.0 = Debug|Any CPU
		{1B144163-4CD5-442C-8D7A-888563619144}.Release|Any CPU.ActiveCfg = Release|Any CPU
		{1B144163-4CD5-442C-8D7A-888563619144}.Release|Any CPU.Build.0 = Release|Any CPU
	EndGlobalSection
	GlobalSection(SolutionProperties) = preSolution
		HideSolutionNode = FALSE
	EndGlobalSection
	GlobalSection(ExtensibilityGlobals) = postSolution
		SolutionGuid = {1B5E6E03-C070-41E9-8146-D870CE9609BE}
	EndGlobalSection
EndGlobal
